<?xml version="1.0" encoding="utf-8"?>
<Project ToolsVersion="4.0" xmlns="http://schemas.microsoft.com/developer/msbuild/2003">
  <ItemGroup>
    <Filter Include="Source Files">
      <UniqueIdentifier>{4FC737F1-C7A5-4376-A066-2A32D752A2FF}</UniqueIdentifier>
      <Extensions>cpp;c;cc;cxx;c++;cppm;ixx;def;odl;idl;hpj;bat;asm;asmx</Extensions>
    </Filter>
    <Filter Include="Header Files">
      <UniqueIdentifier>{93995380-89BD-4b04-88EB-625FBE52EBFB}</UniqueIdentifier>
      <Extensions>h;hh;hpp;hxx;h++;hm;inl;inc;ipp;xsd</Extensions>
    </Filter>
    <Filter Include="Resource Files">
      <UniqueIdentifier>{67DA6AB6-F800-4c08-8B7A-83BB121AAD01}</UniqueIdentifier>
      <Extensions>rc;ico;cur;bmp;dlg;rc2;rct;bin;rgs;gif;jpg;jpeg;jpe;resx;tiff;tif;png;wav;mfcribbon-ms</Extensions>
    </Filter>
  </ItemGroup>
  <ItemGroup>
    <ClInclude Include="framework.h">
      <Filter>Header Files</Filter>
    </ClInclude>
  </ItemGroup>
  <ItemGroup>
    <ClCompile Include="DanceCommon.cpp">
      <Filter>Source Files</Filter>
    </ClCompile>
    <ClCompile Include="NotePos.ixx">
      <Filter>Source Files</Filter>
    </ClCompile>
    <ClCompile Include="NoteLength.ixx">
      <Filter>Source Files</Filter>
    </ClCompile>
    <ClCompile Include="Chart.ixx">
      <Filter>Source Files</Filter>
    </ClCompile>
    <ClCompile Include="Difficulty.ixx">
      <Filter>Source Files</Filter>
    </ClCompile>
    <ClCompile Include="Song.ixx">
      <Filter>Source Files</Filter>
    </ClCompile>
    <ClCompile Include="NoteData.ixx">
      <Filter>Source Files</Filter>
    </ClCompile>
    <ClCompile Include="PlayStyle.ixx">
      <Filter>Source Files</Filter>
    </ClCompile>
    <ClCompile Include="ChartInfo.ixx">
      <Filter>Source Files</Filter>
    </ClCompile>
    <ClCompile Include="Parser.ixx">
      <Filter>Source Files</Filter>
    </ClCompile>
    <ClCompile Include="StringUtils.ixx">
      <Filter>Source Files</Filter>
    </ClCompile>
    <ClCompile Include="NoteRow.ixx">
      <Filter>Source Files</Filter>
    </ClCompile>
    <ClCompile Include="NoteType.ixx">
      <Filter>Source Files</Filter>
    </ClCompile>
    <ClCompile Include="ParseException.ixx">
      <Filter>Source Files</Filter>
    </ClCompile>
    <ClCompile Include="NoSuchChartException.ixx">
      <Filter>Source Files</Filter>
    </ClCompile>
    <ClCompile Include="SongMetadata.ixx">
      <Filter>Source Files</Filter>
    </ClCompile>
    <ClCompile Include="SongMetadataComputations.ixx">
      <Filter>Source Files</Filter>
    </ClCompile>
  </ItemGroup>
</Project>