
Microsoft Visual Studio Solution File, Format Version 12.00
# Visual Studio Version 17
VisualStudioVersion = 17.0.32014.148
MinimumVisualStudioVersion = 10.0.40219.1
Project("{8BC9CEB8-8B4A-11D0-8D11-00A0C91BC942}") = "DanceCommonTests", "DanceCommonTests\DanceCommonTests.vcxproj", "{646A31A4-2CE9-4AFE-A858-8CB630577EF2}"
EndProject
Project("{8BC9CEB8-8B4A-11D0-8D11-00A0C91BC942}") = "DanceCommon", "DanceCommon\DanceCommon.vcxproj", "{31FEB4E2-7239-4956-8CAD-79C06827696C}"
EndProject
Global
	GlobalSection(SolutionConfigurationPlatforms) = preSolution
		Debug|x64 = Debug|x64
		Debug|x86 = Debug|x86
		Release|x64 = Release|x64
		Release|x86 = Release|x86
	EndGlobalSection
	GlobalSection(ProjectConfigurationPlatforms) = postSolution
		{646A31A4-2CE9-4AFE-A858-8CB630577EF2}.Debug|x64.ActiveCfg = Debug|x64
		{646A31A4-2CE9-4AFE-A858-8CB630577EF2}.Debug|x64.Build.0 = Debug|x64
		{646A31A4-2CE9-4AFE-A858-8CB630577EF2}.Debug|x86.ActiveCfg = Debug|Win32
		{646A31A4-2CE9-4AFE-A858-8CB630577EF2}.Debug|x86.Build.0 = Debug|Win32
		{646A31A4-2CE9-4AFE-A858-8CB630577EF2}.Release|x64.ActiveCfg = Release|x64
		{646A31A4-2CE9-4AFE-A858-8CB630577EF2}.Release|x64.Build.0 = Release|x64
		{646A31A4-2CE9-4AFE-A858-8CB630577EF2}.Release|x86.ActiveCfg = Release|Win32
		{646A31A4-2CE9-4AFE-A858-8CB630577EF2}.Release|x86.Build.0 = Release|Win32
		{31FEB4E2-7239-4956-8CAD-79C06827696C}.Debug|x64.ActiveCfg = Debug|x64
		{31FEB4E2-7239-4956-8CAD-79C06827696C}.Debug|x64.Build.0 = Debug|x64
		{31FEB4E2-7239-4956-8CAD-79C06827696C}.Debug|x86.ActiveCfg = Debug|Win32
		{31FEB4E2-7239-4956-8CAD-79C06827696C}.Debug|x86.Build.0 = Debug|Win32
		{31FEB4E2-7239-4956-8CAD-79C06827696C}.Release|x64.ActiveCfg = Release|x64
		{31FEB4E2-7239-4956-8CAD-79C06827696C}.Release|x64.Build.0 = Release|x64
		{31FEB4E2-7239-4956-8CAD-79C06827696C}.Release|x86.ActiveCfg = Release|Win32
		{31FEB4E2-7239-4956-8CAD-79C06827696C}.Release|x86.Build.0 = Release|Win32
	EndGlobalSection
	GlobalSection(SolutionProperties) = preSolution
		HideSolutionNode = FALSE
	EndGlobalSection
	GlobalSection(ExtensibilityGlobals) = postSolution
		SolutionGuid = {2BC045C6-25E1-4434-8EB4-F9ED6B6470E4}
	EndGlobalSection
EndGlobal
